PODS:
  - Firebase/CoreOnly (12.19.0):
    - FirebaseCore (~> 12.19.0)
  - firebase_core (4.15.0):
    - Firebase/CoreOnly (= 12.19.0)
    - Flutter
  - FirebaseCore (12.19.0):
    - FirebaseCoreInternal (~> 12.19.0)
    - GoogleUtilities/Environment (~> 8.1)
    - GoogleUtilities/Logger (~> 8.1)
  - FirebaseCoreInternal (12.19.0):
    - "GoogleUtilities/NSData+zlib (~> 8.1)"
  - Flutter (1.0.0)
  - geolocator_apple (1.2.0):
    - Flutter
    - FlutterMacOS
  - Google-Maps-iOS-Utils (6.1.0):
    - GoogleMaps (~> 9.0)
  - google_maps_flutter_ios (0.0.1):
    - Flutter
    - Google-Maps-iOS-Utils (< 7.0, >= 5.0)
    - GoogleMaps (< 11.0, >= 8.4)
  - GoogleMaps (9.4.0):
    - GoogleMaps/Maps (= 9.4.0)
  - GoogleMaps/Maps (9.4.0)
  - GoogleUtilities/Environment (8.1.4):
    - GoogleUtilities/Privacy
  - GoogleUtilities/Logger (8.1.4):
    - GoogleUtilities/Environment
    - GoogleUtilities/Privacy
  - "GoogleUtilities/NSData+zlib (8.1.4)":
    - GoogleUtilities/Privacy
  - GoogleUtilities/Privacy (8.1.4)
  - package_info_plus (0.4.5):
    - Flutter
  - rive_common (0.0.1):
    - Flutter
  - shared_preferences_foundation (0.0.1):
    - Flutter
    - FlutterMacOS
  - url_launcher_ios (0.0.1):
    - Flutter

DEPENDENCIES:
  - firebase_core (from `.symlinks/plugins/firebase_core/ios`)
  - Flutter (from `Flutter`)
  - geolocator_apple (from `.symlinks/plugins/geolocator_apple/darwin`)
  - google_maps_flutter_ios (from `.symlinks/plugins/google_maps_flutter_ios/ios`)
  - package_info_plus (from `.symlinks/plugins/package_info_plus/ios`)
  - rive_common (from `.symlinks/plugins/rive_common/ios`)
  - shared_preferences_foundation (from `.symlinks/plugins/shared_preferences_foundation/darwin`)
  - url_launcher_ios (from `.symlinks/plugins/url_launcher_ios/ios`)

SPEC REPOS:
  trunk:
    - Firebase
    - FirebaseCore
    - FirebaseCoreInternal
    - Google-Maps-iOS-Utils
    - GoogleMaps
    - GoogleUtilities

EXTERNAL SOURCES:
  firebase_core:
    :path: ".symlinks/plugins/firebase_core/ios"
  Flutter:
    :path: Flutter
  geolocator_apple:
    :path: ".symlinks/plugins/geolocator_apple/darwin"
  google_maps_flutter_ios:
    :path: ".symlinks/plugins/google_maps_flutter_ios/ios"
  package_info_plus:
    :path: ".symlinks/plugins/package_info_plus/ios"
  rive_common:
    :path: ".symlinks/plugins/rive_common/ios"
  shared_preferences_foundation:
    :path: ".symlinks/plugins/shared_preferences_foundation/darwin"
  url_launcher_ios:
    :path: ".symlinks/plugins/url_launcher_ios/ios"

SPEC CHECKSUMS:
  Firebase: 7ca191e43724142f79fae653547b3382c45413cc
  firebase_core: 7ed66bd750bf2b7a29268b21d63eec7bc6799ee8
  FirebaseCore: c990214798d7c568ad436a15ba7da25c7a278c9a
  FirebaseCoreInternal: 656b1c2fd5a1c5976183dc54b73deda78fb26ee3
  Flutter: 71a624a5bc0c04062bf19101d501e466baf2fb47
  geolocator_apple: 66b711889fd333205763b83c9dcf0a57a28c7afd
  Google-Maps-iOS-Utils: 0a484b05ed21d88c9f9ebbacb007956edd508a96
  google_maps_flutter_ios: 5f2ee3f5cc4fc2398574367f893e3f97bbbcea39
  GoogleMaps: 0608099d4870cac8754bdba9b6953db543432438
  GoogleUtilities: db34c1c11c6f2eccb6fab2340cb8ceb1451299dc
  package_info_plus: c0502532a26c7662a62a356cebe2692ec5fe4ec4
  rive_common: 4743dbfd2911c99066547a3c6454681e0fa907df
  shared_preferences_foundation: 5086985c1d43c5ba4d5e69a4e8083a389e2909e6
  url_launcher_ios: bb13df5870e8c4234ca12609d04010a21be43dfa

PODFILE CHECKSUM: 1f99857aaa4dbf2b0fac4a9c6d3dca65e6ceb70d

COCOAPODS: 1.16.2
